PODS:
  - FBSDKCoreKit (5.0.1):
    - FBSDKCoreKit/Basics (= 5.0.1)
    - FBSDKCoreKit/Core (= 5.0.1)
  - FBSDKCoreKit/Basics (5.0.1)
  - FBSDKCoreKit/Core (5.0.1):
    - FBSDKCoreKit/Basics
  - FBSDKLoginKit (5.0.1):
    - FBSDKCoreKit (~> 5.0)
  - Firebase/Auth (6.1.0):
    - Firebase/CoreOnly
    - FirebaseAuth (~> 6.1.0)
  - Firebase/CoreOnly (6.1.0):
    - FirebaseCore (= 6.0.1)
  - FirebaseAuth (6.1.0):
    - FirebaseAuthInterop (~> 1.0)
    - FirebaseCore (~> 6.0)
    - GoogleUtilities/AppDelegateSwizzler (~> 6.0)
    - GoogleUtilities/Environment (~> 6.0)
    - GTMSessionFetcher/Core (~> 1.1)
  - FirebaseAuthInterop (1.0.0)
  - FirebaseCore (6.0.1):
    - GoogleUtilities/Environment (~> 6.0)
    - GoogleUtilities/Logger (~> 6.0)
  - GoogleSignIn (4.4.0):
    - "GoogleToolboxForMac/NSDictionary+URLArguments (~> 2.1)"
    - "GoogleToolboxForMac/NSString+URLArguments (~> 2.1)"
    - GTMSessionFetcher/Core (~> 1.1)
  - GoogleToolboxForMac/DebugUtils (2.2.1):
    - GoogleToolboxForMac/Defines (= 2.2.1)
  - GoogleToolboxForMac/Defines (2.2.1)
  - "GoogleToolboxForMac/NSDictionary+URLArguments (2.2.1)":
    - GoogleToolboxForMac/DebugUtils (= 2.2.1)
    - GoogleToolboxForMac/Defines (= 2.2.1)
    - "GoogleToolboxForMac/NSString+URLArguments (= 2.2.1)"
  - "GoogleToolboxForMac/NSString+URLArguments (2.2.1)"
  - GoogleUtilities/AppDelegateSwizzler (6.1.0):
    - GoogleUtilities/Environment
    - GoogleUtilities/Logger
    - GoogleUtilities/Network
  - GoogleUtilities/Environment (6.1.0)
  - GoogleUtilities/Logger (6.1.0):
    - GoogleUtilities/Environment
  - GoogleUtilities/Network (6.1.0):
    - GoogleUtilities/Logger
    - "GoogleUtilities/NSData+zlib"
    - GoogleUtilities/Reachability
  - "GoogleUtilities/NSData+zlib (6.1.0)"
  - GoogleUtilities/Reachability (6.1.0):
    - GoogleUtilities/Logger
  - GTMSessionFetcher/Core (1.2.2)

DEPENDENCIES:
  - FBSDKLoginKit
  - Firebase/Auth
  - GoogleSignIn

SPEC REPOS:
  https://github.com/cocoapods/specs.git:
    - FBSDKCoreKit
    - FBSDKLoginKit
    - Firebase
    - FirebaseAuth
    - FirebaseAuthInterop
    - FirebaseCore
    - GoogleSignIn
    - GoogleToolboxForMac
    - GoogleUtilities
    - GTMSessionFetcher

SPEC CHECKSUMS:
  FBSDKCoreKit: 4a19534474ade7c71bd016d800aa5e7722bcdda1
  FBSDKLoginKit: 41efa754b909b0ea813fa9a8596dacc8ed196d50
  Firebase: 8d77bb33624ae9b62d745d82ec023de5f70f7e4f
  FirebaseAuth: 4281d6d98a90881e00710fa8d9e37c2ccdfc7d80
  FirebaseAuthInterop: 0ffa57668be100582bb7643d4fcb7615496c41fc
  FirebaseCore: 66bdef3b310a026880e2a5bc8aa586ab62ce4543
  GoogleSignIn: 7ff245e1a7b26d379099d3243a562f5747e23d39
  GoogleToolboxForMac: b3553629623a3b1bff17f555e736cd5a6d95ad55
  GoogleUtilities: 84df567c76ca84f67b7bb40e769fdd4acc746a10
  GTMSessionFetcher: 61bb0f61a4cb560030f1222021178008a5727a23

PODFILE CHECKSUM: 1d5463a19cb56a3ee5fc8a99664d24b072d76fed

COCOAPODS: 1.5.3
